
Microsoft Visual Studio Solution File, Format Version 12.00
# Visual Studio Version 17
VisualStudioVersion = 17.5.002.0
MinimumVisualStudioVersion = 10.0.40219.1
Project("{9A19103F-16F7-4668-BE54-9A1E7A4F7556}") = "WaterQualitySensor", "WaterQualitySensor.csproj", "{127E7A8F-FB63-4088-9502-673C64FDD647}"
EndProject
Global
	GlobalSection(SolutionConfigurationPlatforms) = preSolution
		Debug|Any CPU = Debug|Any CPU
		Release|Any CPU = Release|Any CPU
	EndGlobalSection
	GlobalSection(ProjectConfigurationPlatforms) = postSolution
		{127E7A8F-FB63-4088-9502-673C64FDD647}.Debug|Any CPU.ActiveCfg = Debug|Any CPU
		{127E7A8F-FB63-4088-9502-673C64FDD647}.Debug|Any CPU.Build.0 = Debug|Any CPU
		{127E7A8F-FB63-4088-9502-673C64FDD647}.Release|Any CPU.ActiveCfg = Release|Any CPU
		{127E7A8F-FB63-4088-9502-673C64FDD647}.Release|Any CPU.Build.0 = Release|Any CPU
	EndGlobalSection
	GlobalSection(SolutionProperties) = preSolution
		HideSolutionNode = FALSE
	EndGlobalSection
	GlobalSection(ExtensibilityGlobals) = postSolution
		SolutionGuid = {3EA99982-4EED-4D2A-BCAC-BF73DEBE20DC}
	EndGlobalSection
EndGlobal
