
Microsoft Visual Studio Solution File, Format Version 12.00
# Visual Studio Version 17
VisualStudioVersion = 17.0.31903.59
MinimumVisualStudioVersion = 10.0.40219.1
Project("{FAE04EC0-301F-11D3-BF4B-00C04F79EFBC}") = "NetBackend", "NetBackend\NetBackend.csproj", "{2116FA6F-5ACB-4BFA-9425-26DF7200F6C2}"
EndProject
Project("{FAE04EC0-301F-11D3-BF4B-00C04F79EFBC}") = "NetBackend.Tests", "NetBackend.Tests\NetBackend.Tests.csproj", "{C9A0142A-2664-4EB6-BBFF-40FF4966FC54}"
EndProject
Project("{FAE04EC0-301F-11D3-BF4B-00C04F79EFBC}") = "NetBackend.MockSensors", "NetBackend.MockSensors\NetBackend.MockSensors.csproj", "{870593BA-B43E-4B14-8426-51264596A2E9}"
EndProject
Global
	GlobalSection(SolutionConfigurationPlatforms) = preSolution
		Debug|Any CPU = Debug|Any CPU
		Release|Any CPU = Release|Any CPU
	EndGlobalSection
	GlobalSection(SolutionProperties) = preSolution
		HideSolutionNode = FALSE
	EndGlobalSection
	GlobalSection(ProjectConfigurationPlatforms) = postSolution
		{2116FA6F-5ACB-4BFA-9425-26DF7200F6C2}.Debug|Any CPU.ActiveCfg = Debug|Any CPU
		{2116FA6F-5ACB-4BFA-9425-26DF7200F6C2}.Debug|Any CPU.Build.0 = Debug|Any CPU
		{2116FA6F-5ACB-4BFA-9425-26DF7200F6C2}.Release|Any CPU.ActiveCfg = Release|Any CPU
		{2116FA6F-5ACB-4BFA-9425-26DF7200F6C2}.Release|Any CPU.Build.0 = Release|Any CPU
		{C9A0142A-2664-4EB6-BBFF-40FF4966FC54}.Debug|Any CPU.ActiveCfg = Debug|Any CPU
		{C9A0142A-2664-4EB6-BBFF-40FF4966FC54}.Debug|Any CPU.Build.0 = Debug|Any CPU
		{C9A0142A-2664-4EB6-BBFF-40FF4966FC54}.Release|Any CPU.ActiveCfg = Release|Any CPU
		{C9A0142A-2664-4EB6-BBFF-40FF4966FC54}.Release|Any CPU.Build.0 = Release|Any CPU
		{870593BA-B43E-4B14-8426-51264596A2E9}.Debug|Any CPU.ActiveCfg = Debug|Any CPU
		{870593BA-B43E-4B14-8426-51264596A2E9}.Debug|Any CPU.Build.0 = Debug|Any CPU
		{870593BA-B43E-4B14-8426-51264596A2E9}.Release|Any CPU.ActiveCfg = Release|Any CPU
		{870593BA-B43E-4B14-8426-51264596A2E9}.Release|Any CPU.Build.0 = Release|Any CPU
	EndGlobalSection
EndGlobal
