
Microsoft Visual Studio Solution File, Format Version 12.00
# Visual Studio Version 17
VisualStudioVersion = 17.5.002.0
MinimumVisualStudioVersion = 10.0.40219.1
Project("{9A19103F-16F7-4668-BE54-9A1E7A4F7556}") = "NetBackend", "NetBackend.csproj", "{013103F6-FA94-4C56-BBB9-0FE15C10A803}"
EndProject
Global
	GlobalSection(SolutionConfigurationPlatforms) = preSolution
		Debug|Any CPU = Debug|Any CPU
		Release|Any CPU = Release|Any CPU
	EndGlobalSection
	GlobalSection(ProjectConfigurationPlatforms) = postSolution
		{013103F6-FA94-4C56-BBB9-0FE15C10A803}.Debug|Any CPU.ActiveCfg = Debug|Any CPU
		{013103F6-FA94-4C56-BBB9-0FE15C10A803}.Debug|Any CPU.Build.0 = Debug|Any CPU
		{013103F6-FA94-4C56-BBB9-0FE15C10A803}.Release|Any CPU.ActiveCfg = Release|Any CPU
		{013103F6-FA94-4C56-BBB9-0FE15C10A803}.Release|Any CPU.Build.0 = Release|Any CPU
	EndGlobalSection
	GlobalSection(SolutionProperties) = preSolution
		HideSolutionNode = FALSE
	EndGlobalSection
	GlobalSection(ExtensibilityGlobals) = postSolution
		SolutionGuid = {5B9AB7C4-7162-45DC-99F2-2EFDA1942182}
	EndGlobalSection
EndGlobal
